
Microsoft Visual Studio Solution File, Format Version 12.00
# Visual Studio 2013
VisualStudioVersion = 12.0.21005.1
MinimumVisualStudioVersion = 10.0.40219.1
Project("{FAE04EC0-301F-11D3-BF4B-00C04F79EFBC}") = "TeamManager.Service", "TeamManager.Service\TeamManager.Service.csproj", "{549B2063-2B0B-49CB-A22E-CC520F0176A5}"
EndProject
Project("{FAE04EC0-301F-11D3-BF4B-00C04F79EFBC}") = "TeamManager.DAL", "TeamManager.DAL\TeamManager.DAL.csproj", "{F3D132B2-A23E-4B23-9AFA-64299FD695D5}"
EndProject
Project("{FAE04EC0-301F-11D3-BF4B-00C04F79EFBC}") = "TeamManager.Domain", "TeamManager.Domain\TeamManager.Domain.csproj", "{39EEEF98-9FCD-41CF-B8EB-CF2D9210DE19}"
EndProject
Project("{FAE04EC0-301F-11D3-BF4B-00C04F79EFBC}") = "TeamManager.WebAPI", "TeamManager.WebAPI\TeamManager.WebAPI.csproj", "{E5DD5DE4-7166-48E2-B881-C709E7AA5841}"
EndProject
Project("{FAE04EC0-301F-11D3-BF4B-00C04F79EFBC}") = "TeamManager.IdSrv", "TeamManager.IdSrv\TeamManager.IdSrv.csproj", "{7D412F42-410A-4BFC-A9D7-23A35548A2DC}"
EndProject
Project("{FAE04EC0-301F-11D3-BF4B-00C04F79EFBC}") = "TeamManager.Constants", "TeamManager.Constants\TeamManager.Constants.csproj", "{B735C7E7-09FC-4F74-8D14-99C229075A8D}"
EndProject
Global
	GlobalSection(SolutionConfigurationPlatforms) = preSolution
		Debug|Any CPU = Debug|Any CPU
		Release|Any CPU = Release|Any CPU
	EndGlobalSection
	GlobalSection(ProjectConfigurationPlatforms) = postSolution
		{549B2063-2B0B-49CB-A22E-CC520F0176A5}.Debug|Any CPU.ActiveCfg = Debug|Any CPU
		{549B2063-2B0B-49CB-A22E-CC520F0176A5}.Debug|Any CPU.Build.0 = Debug|Any CPU
		{549B2063-2B0B-49CB-A22E-CC520F0176A5}.Release|Any CPU.ActiveCfg = Release|Any CPU
		{549B2063-2B0B-49CB-A22E-CC520F0176A5}.Release|Any CPU.Build.0 = Release|Any CPU
		{F3D132B2-A23E-4B23-9AFA-64299FD695D5}.Debug|Any CPU.ActiveCfg = Debug|Any CPU
		{F3D132B2-A23E-4B23-9AFA-64299FD695D5}.Debug|Any CPU.Build.0 = Debug|Any CPU
		{F3D132B2-A23E-4B23-9AFA-64299FD695D5}.Release|Any CPU.ActiveCfg = Release|Any CPU
		{F3D132B2-A23E-4B23-9AFA-64299FD695D5}.Release|Any CPU.Build.0 = Release|Any CPU
		{39EEEF98-9FCD-41CF-B8EB-CF2D9210DE19}.Debug|Any CPU.ActiveCfg = Debug|Any CPU
		{39EEEF98-9FCD-41CF-B8EB-CF2D9210DE19}.Debug|Any CPU.Build.0 = Debug|Any CPU
		{39EEEF98-9FCD-41CF-B8EB-CF2D9210DE19}.Release|Any CPU.ActiveCfg = Release|Any CPU
		{39EEEF98-9FCD-41CF-B8EB-CF2D9210DE19}.Release|Any CPU.Build.0 = Release|Any CPU
		{E5DD5DE4-7166-48E2-B881-C709E7AA5841}.Debug|Any CPU.ActiveCfg = Debug|Any CPU
		{E5DD5DE4-7166-48E2-B881-C709E7AA5841}.Debug|Any CPU.Build.0 = Debug|Any CPU
		{E5DD5DE4-7166-48E2-B881-C709E7AA5841}.Release|Any CPU.ActiveCfg = Release|Any CPU
		{E5DD5DE4-7166-48E2-B881-C709E7AA5841}.Release|Any CPU.Build.0 = Release|Any CPU
		{7D412F42-410A-4BFC-A9D7-23A35548A2DC}.Debug|Any CPU.ActiveCfg = Debug|Any CPU
		{7D412F42-410A-4BFC-A9D7-23A35548A2DC}.Debug|Any CPU.Build.0 = Debug|Any CPU
		{7D412F42-410A-4BFC-A9D7-23A35548A2DC}.Release|Any CPU.ActiveCfg = Release|Any CPU
		{7D412F42-410A-4BFC-A9D7-23A35548A2DC}.Release|Any CPU.Build.0 = Release|Any CPU
		{B735C7E7-09FC-4F74-8D14-99C229075A8D}.Debug|Any CPU.ActiveCfg = Debug|Any CPU
		{B735C7E7-09FC-4F74-8D14-99C229075A8D}.Debug|Any CPU.Build.0 = Debug|Any CPU
		{B735C7E7-09FC-4F74-8D14-99C229075A8D}.Release|Any CPU.ActiveCfg = Release|Any CPU
		{B735C7E7-09FC-4F74-8D14-99C229075A8D}.Release|Any CPU.Build.0 = Release|Any CPU
	EndGlobalSection
	GlobalSection(SolutionProperties) = preSolution
		HideSolutionNode = FALSE
	EndGlobalSection
EndGlobal
